
Microsoft Visual Studio Solution File, Format Version 12.00
# Visual Studio Version 18
VisualStudioVersion = 18.3.11312.210 d18.3
MinimumVisualStudioVersion = 10.0.40219.1
Project("{FAE04EC0-301F-11D3-BF4B-00C04F79EFBC}") = "WcfServiceLibrary1", "WcfServiceLibrary1\WcfServiceLibrary1.csproj", "{13FE4576-136C-4062-9DCA-6F2CDF405EC1}"
EndProject
Project("{FAE04EC0-301F-11D3-BF4B-00C04F79EFBC}") = "Model", "Model\Model.csproj", "{DD4AE66E-A9CB-4EB2-9B16-FAE0B9229122}"
EndProject
Project("{FAE04EC0-301F-11D3-BF4B-00C04F79EFBC}") = "BusinessLogic", "BusinessLogic\BusinessLogic.csproj", "{652CF49A-CF3B-4877-B11D-3C32A27EBECC}"
EndProject
Project("{FAE04EC0-301F-11D3-BF4B-00C04F79EFBC}") = "ViewDB", "ViewDB\ViewDB.csproj", "{4DD0D307-BCF5-4972-A119-011B4B234CB7}"
EndProject
Project("{FAE04EC0-301F-11D3-BF4B-00C04F79EFBC}") = "DatabaseMigration", "DatabaseMigration\DatabaseMigration.csproj", "{9469B071-2888-4935-805E-17B5692CD4DD}"
EndProject
Global
	GlobalSection(SolutionConfigurationPlatforms) = preSolution
		Debug|Any CPU = Debug|Any CPU
		Release|Any CPU = Release|Any CPU
	EndGlobalSection
	GlobalSection(ProjectConfigurationPlatforms) = postSolution
		{13FE4576-136C-4062-9DCA-6F2CDF405EC1}.Debug|Any CPU.ActiveCfg = Debug|Any CPU
		{13FE4576-136C-4062-9DCA-6F2CDF405EC1}.Debug|Any CPU.Build.0 = Debug|Any CPU
		{13FE4576-136C-4062-9DCA-6F2CDF405EC1}.Release|Any CPU.ActiveCfg = Release|Any CPU
		{13FE4576-136C-4062-9DCA-6F2CDF405EC1}.Release|Any CPU.Build.0 = Release|Any CPU
		{DD4AE66E-A9CB-4EB2-9B16-FAE0B9229122}.Debug|Any CPU.ActiveCfg = Debug|Any CPU
		{DD4AE66E-A9CB-4EB2-9B16-FAE0B9229122}.Debug|Any CPU.Build.0 = Debug|Any CPU
		{DD4AE66E-A9CB-4EB2-9B16-FAE0B9229122}.Release|Any CPU.ActiveCfg = Release|Any CPU
		{DD4AE66E-A9CB-4EB2-9B16-FAE0B9229122}.Release|Any CPU.Build.0 = Release|Any CPU
		{652CF49A-CF3B-4877-B11D-3C32A27EBECC}.Debug|Any CPU.ActiveCfg = Debug|Any CPU
		{652CF49A-CF3B-4877-B11D-3C32A27EBECC}.Debug|Any CPU.Build.0 = Debug|Any CPU
		{652CF49A-CF3B-4877-B11D-3C32A27EBECC}.Release|Any CPU.ActiveCfg = Release|Any CPU
		{652CF49A-CF3B-4877-B11D-3C32A27EBECC}.Release|Any CPU.Build.0 = Release|Any CPU
		{4DD0D307-BCF5-4972-A119-011B4B234CB7}.Debug|Any CPU.ActiveCfg = Debug|Any CPU
		{4DD0D307-BCF5-4972-A119-011B4B234CB7}.Debug|Any CPU.Build.0 = Debug|Any CPU
		{4DD0D307-BCF5-4972-A119-011B4B234CB7}.Release|Any CPU.ActiveCfg = Release|Any CPU
		{4DD0D307-BCF5-4972-A119-011B4B234CB7}.Release|Any CPU.Build.0 = Release|Any CPU
		{9469B071-2888-4935-805E-17B5692CD4DD}.Debug|Any CPU.ActiveCfg = Debug|Any CPU
		{9469B071-2888-4935-805E-17B5692CD4DD}.Debug|Any CPU.Build.0 = Debug|Any CPU
		{9469B071-2888-4935-805E-17B5692CD4DD}.Release|Any CPU.ActiveCfg = Release|Any CPU
		{9469B071-2888-4935-805E-17B5692CD4DD}.Release|Any CPU.Build.0 = Release|Any CPU
	EndGlobalSection
	GlobalSection(SolutionProperties) = preSolution
		HideSolutionNode = FALSE
	EndGlobalSection
	GlobalSection(ExtensibilityGlobals) = postSolution
		SolutionGuid = {A58A49FB-306D-4F9C-B0D6-7980EED880D7}
	EndGlobalSection
EndGlobal
